
Microsoft Visual Studio Solution File, Format Version 12.00
# Visual Studio Version 17
VisualStudioVersion = 17.6.33829.357
MinimumVisualStudioVersion = 10.0.40219.1
Project("{FAE04EC0-301F-11D3-BF4B-00C04F79EFBC}") = "ConsoleApp4", "ConsoleApp4\ConsoleApp4.csproj", "{933D3FF5-A465-482F-B60E-80A865E0D01E}"
EndProject
Global
	GlobalSection(SolutionConfigurationPlatforms) = preSolution
		Debug|Any CPU = Debug|Any CPU
		Release|Any CPU = Release|Any CPU
	EndGlobalSection
	GlobalSection(ProjectConfigurationPlatforms) = postSolution
		{933D3FF5-A465-482F-B60E-80A865E0D01E}.Debug|Any CPU.ActiveCfg = Debug|Any CPU
		{933D3FF5-A465-482F-B60E-80A865E0D01E}.Debug|Any CPU.Build.0 = Debug|Any CPU
		{933D3FF5-A465-482F-B60E-80A865E0D01E}.Release|Any CPU.ActiveCfg = Release|Any CPU
		{933D3FF5-A465-482F-B60E-80A865E0D01E}.Release|Any CPU.Build.0 = Release|Any CPU
	EndGlobalSection
	GlobalSection(SolutionProperties) = preSolution
		HideSolutionNode = FALSE
	EndGlobalSection
	GlobalSection(ExtensibilityGlobals) = postSolution
		SolutionGuid = {B265E7C7-0CD8-4C56-AC2C-EF8BF600759E}
	EndGlobalSection
EndGlobal
